
Microsoft Visual Studio Solution File, Format Version 12.00
# Visual Studio 15
Project("{FAE04EC0-301F-11D3-BF4B-00C04F79EFBC}") = "mvvmcrossnative.iOS", "iOS\mvvmcrossnative.iOS.csproj", "{2245FE46-8201-41C9-8BDB-EFD6E08B91F6}"
EndProject
Project("{FAE04EC0-301F-11D3-BF4B-00C04F79EFBC}") = "mvvmcrossnative.Core", "mvvmcrossnative.Core\mvvmcrossnative.Core.csproj", "{9B7DAF7A-A9B3-4232-9D0E-C63AD35FD181}"
EndProject
Project("{FAE04EC0-301F-11D3-BF4B-00C04F79EFBC}") = "mvvmcrossnative.Droid", "Droid\mvvmcrossnative.Droid.csproj", "{E7B052D7-6393-48F1-B02A-1DB3827B28FA}"
EndProject
Global
	GlobalSection(SolutionConfigurationPlatforms) = preSolution
		Debug|Any CPU = Debug|Any CPU
		Release|Any CPU = Release|Any CPU
		Debug|iPhoneSimulator = Debug|iPhoneSimulator
		Release|iPhone = Release|iPhone
		Release|iPhoneSimulator = Release|iPhoneSimulator
		Debug|iPhone = Debug|iPhone
	EndGlobalSection
	GlobalSection(ProjectConfigurationPlatforms) = postSolution
		{2245FE46-8201-41C9-8BDB-EFD6E08B91F6}.Debug|Any CPU.ActiveCfg = Debug|iPhoneSimulator
		{2245FE46-8201-41C9-8BDB-EFD6E08B91F6}.Debug|Any CPU.Build.0 = Debug|iPhoneSimulator
		{2245FE46-8201-41C9-8BDB-EFD6E08B91F6}.Release|Any CPU.ActiveCfg = Release|iPhone
		{2245FE46-8201-41C9-8BDB-EFD6E08B91F6}.Release|Any CPU.Build.0 = Release|iPhone
		{2245FE46-8201-41C9-8BDB-EFD6E08B91F6}.Debug|iPhoneSimulator.ActiveCfg = Debug|iPhoneSimulator
		{2245FE46-8201-41C9-8BDB-EFD6E08B91F6}.Debug|iPhoneSimulator.Build.0 = Debug|iPhoneSimulator
		{2245FE46-8201-41C9-8BDB-EFD6E08B91F6}.Release|iPhone.ActiveCfg = Release|iPhone
		{2245FE46-8201-41C9-8BDB-EFD6E08B91F6}.Release|iPhone.Build.0 = Release|iPhone
		{2245FE46-8201-41C9-8BDB-EFD6E08B91F6}.Release|iPhoneSimulator.ActiveCfg = Release|iPhoneSimulator
		{2245FE46-8201-41C9-8BDB-EFD6E08B91F6}.Release|iPhoneSimulator.Build.0 = Release|iPhoneSimulator
		{2245FE46-8201-41C9-8BDB-EFD6E08B91F6}.Debug|iPhone.ActiveCfg = Debug|iPhone
		{2245FE46-8201-41C9-8BDB-EFD6E08B91F6}.Debug|iPhone.Build.0 = Debug|iPhone
		{9B7DAF7A-A9B3-4232-9D0E-C63AD35FD181}.Debug|Any CPU.ActiveCfg = Debug|Any CPU
		{9B7DAF7A-A9B3-4232-9D0E-C63AD35FD181}.Debug|Any CPU.Build.0 = Debug|Any CPU
		{9B7DAF7A-A9B3-4232-9D0E-C63AD35FD181}.Release|Any CPU.ActiveCfg = Release|Any CPU
		{9B7DAF7A-A9B3-4232-9D0E-C63AD35FD181}.Release|Any CPU.Build.0 = Release|Any CPU
		{9B7DAF7A-A9B3-4232-9D0E-C63AD35FD181}.Debug|iPhoneSimulator.ActiveCfg = Debug|Any CPU
		{9B7DAF7A-A9B3-4232-9D0E-C63AD35FD181}.Debug|iPhoneSimulator.Build.0 = Debug|Any CPU
		{9B7DAF7A-A9B3-4232-9D0E-C63AD35FD181}.Release|iPhone.ActiveCfg = Release|Any CPU
		{9B7DAF7A-A9B3-4232-9D0E-C63AD35FD181}.Release|iPhone.Build.0 = Release|Any CPU
		{9B7DAF7A-A9B3-4232-9D0E-C63AD35FD181}.Release|iPhoneSimulator.ActiveCfg = Release|Any CPU
		{9B7DAF7A-A9B3-4232-9D0E-C63AD35FD181}.Release|iPhoneSimulator.Build.0 = Release|Any CPU
		{9B7DAF7A-A9B3-4232-9D0E-C63AD35FD181}.Debug|iPhone.ActiveCfg = Debug|Any CPU
		{9B7DAF7A-A9B3-4232-9D0E-C63AD35FD181}.Debug|iPhone.Build.0 = Debug|Any CPU
		{E7B052D7-6393-48F1-B02A-1DB3827B28FA}.Debug|Any CPU.ActiveCfg = Debug|Any CPU
		{E7B052D7-6393-48F1-B02A-1DB3827B28FA}.Debug|Any CPU.Build.0 = Debug|Any CPU
		{E7B052D7-6393-48F1-B02A-1DB3827B28FA}.Release|Any CPU.ActiveCfg = Release|Any CPU
		{E7B052D7-6393-48F1-B02A-1DB3827B28FA}.Release|Any CPU.Build.0 = Release|Any CPU
		{E7B052D7-6393-48F1-B02A-1DB3827B28FA}.Debug|iPhoneSimulator.ActiveCfg = Debug|Any CPU
		{E7B052D7-6393-48F1-B02A-1DB3827B28FA}.Debug|iPhoneSimulator.Build.0 = Debug|Any CPU
		{E7B052D7-6393-48F1-B02A-1DB3827B28FA}.Release|iPhone.ActiveCfg = Release|Any CPU
		{E7B052D7-6393-48F1-B02A-1DB3827B28FA}.Release|iPhone.Build.0 = Release|Any CPU
		{E7B052D7-6393-48F1-B02A-1DB3827B28FA}.Release|iPhoneSimulator.ActiveCfg = Release|Any CPU
		{E7B052D7-6393-48F1-B02A-1DB3827B28FA}.Release|iPhoneSimulator.Build.0 = Release|Any CPU
		{E7B052D7-6393-48F1-B02A-1DB3827B28FA}.Debug|iPhone.ActiveCfg = Debug|Any CPU
		{E7B052D7-6393-48F1-B02A-1DB3827B28FA}.Debug|iPhone.Build.0 = Debug|Any CPU
	EndGlobalSection
EndGlobal
